// !$*UTF8*$!
{
	archiveVersion = 1;
	classes = {
	};
	objectVersion = 46;
	objects = {

/* Begin PBXBuildFile section */
		63270A0D5F0DF303B225D827 /* libPods-SnapshotLogicTestTests.a in Frameworks */ = {isa = PBXBuildFile; fileRef = F361EF8F6A47AA7341558F60 /* libPods-SnapshotLogicTestTests.a */; };
		C68636CE1E17072C00A9EE1E /* main.m in Sources */ = {isa = PBXBuildFile; fileRef = C68636CD1E17072C00A9EE1E /* main.m */; };
		C68636D11E17072C00A9EE1E /* AppDelegate.m in Sources */ = {isa = PBXBuildFile; fileRef = C68636D01E17072C00A9EE1E /* AppDelegate.m */; };
		C68636D41E17072C00A9EE1E /* ViewController.m in Sources */ = {isa = PBXBuildFile; fileRef = C68636D31E17072C00A9EE1E /* ViewController.m */; };
		C68636D71E17072C00A9EE1E /* Main.storyboard in Resources */ = {isa = PBXBuildFile; fileRef = C68636D51E17072C00A9EE1E /* Main.storyboard */; };
		C68636D91E17072C00A9EE1E /* Assets.xcassets in Resources */ = {isa = PBXBuildFile; fileRef = C68636D81E17072C00A9EE1E /* Assets.xcassets */; };
		C68636DC1E17072C00A9EE1E /* LaunchScreen.storyboard in Resources */ = {isa = PBXBuildFile; fileRef = C68636DA1E17072C00A9EE1E /* LaunchScreen.storyboard */; };
		C68636E71E17072C00A9EE1E /* SnapshotLogicTestTests.m in Sources */ = {isa = PBXBuildFile; fileRef = C68636E61E17072C00A9EE1E /* SnapshotLogicTestTests.m */; };
		CEA866AC629722C93D7A6DAF /* libPods-SnapshotLogicTest.a in Frameworks */ = {isa = PBXBuildFile; fileRef = 9C441D60FC61E209C7E61204 /* libPods-SnapshotLogicTest.a */; };
/* End PBXBuildFile section */

/* Begin PBXFileReference section */
		473B600EA2344FC2711F94E8 /* Pods-SnapshotLogicTest.release.xcconfig */ = {isa = PBXFileReference; includeInIndex = 1; lastKnownFileType = text.xcconfig; name = "Pods-SnapshotLogicTest.release.xcconfig"; path = "Pods/Target Support Files/Pods-SnapshotLogicTest/Pods-SnapshotLogicTest.release.xcconfig"; sourceTree = "<group>"; };
		4B6DFD73EE226FF10E7CCD9D /* Pods-SnapshotLogicTest.debug.xcconfig */ = {isa = PBXFileReference; includeInIndex = 1; lastKnownFileType = text.xcconfig; name = "Pods-SnapshotLogicTest.debug.xcconfig"; path = "Pods/Target Support Files/Pods-SnapshotLogicTest/Pods-SnapshotLogicTest.debug.xcconfig"; sourceTree = "<group>"; };
		8DF1CCD970063A373187AFE1 /* Pods-SnapshotLogicTestTests.debug.xcconfig */ = {isa = PBXFileReference; includeInIndex = 1; lastKnownFileType = text.xcconfig; name = "Pods-SnapshotLogicTestTests.debug.xcconfig"; path = "Pods/Target Support Files/Pods-SnapshotLogicTestTests/Pods-SnapshotLogicTestTests.debug.xcconfig"; sourceTree = "<group>"; };
		9C441D60FC61E209C7E61204 /* libPods-SnapshotLogicTest.a */ = {isa = PBXFileReference; explicitFileType = archive.ar; includeInIndex = 0; path = "libPods-SnapshotLogicTest.a"; sourceTree = BUILT_PRODUCTS_DIR; };
		AAFE586A38DD80BD49EAFEF2 /* Pods-SnapshotLogicTestTests.release.xcconfig */ = {isa = PBXFileReference; includeInIndex = 1; lastKnownFileType = text.xcconfig; name = "Pods-SnapshotLogicTestTests.release.xcconfig"; path = "Pods/Target Support Files/Pods-SnapshotLogicTestTests/Pods-SnapshotLogicTestTests.release.xcconfig"; sourceTree = "<group>"; };
		C68636C91E17072C00A9EE1E /* SnapshotLogicTest.app */ = {isa = PBXFileReference; explicitFileType = wrapper.application; includeInIndex = 0; path = SnapshotLogicTest.app; sourceTree = BUILT_PRODUCTS_DIR; };
		C68636CD1E17072C00A9EE1E /* main.m */ = {isa = PBXFileReference; lastKnownFileType = sourcecode.c.objc; path = main.m; sourceTree = "<group>"; };
		C68636CF1E17072C00A9EE1E /* AppDelegate.h */ = {isa = PBXFileReference; lastKnownFileType = sourcecode.c.h; path = AppDelegate.h; sourceTree = "<group>"; };
		C68636D01E17072C00A9EE1E /* AppDelegate.m */ = {isa = PBXFileReference; lastKnownFileType = sourcecode.c.objc; path = AppDelegate.m; sourceTree = "<group>"; };
		C68636D21E17072C00A9EE1E /* ViewController.h */ = {isa = PBXFileReference; lastKnownFileType = sourcecode.c.h; path = ViewController.h; sourceTree = "<group>"; };
		C68636D31E17072C00A9EE1E /* ViewController.m */ = {isa = PBXFileReference; lastKnownFileType = sourcecode.c.objc; path = ViewController.m; sourceTree = "<group>"; };
		C68636D61E17072C00A9EE1E /* Base */ = {isa = PBXFileReference; lastKnownFileType = file.storyboard; name = Base; path = Base.lproj/Main.storyboard; sourceTree = "<group>"; };
		C68636D81E17072C00A9EE1E /* Assets.xcassets */ = {isa = PBXFileReference; lastKnownFileType = folder.assetcatalog; path = Assets.xcassets; sourceTree = "<group>"; };
		C68636DB1E17072C00A9EE1E /* Base */ = {isa = PBXFileReference; lastKnownFileType = file.storyboard; name = Base; path = Base.lproj/LaunchScreen.storyboard; sourceTree = "<group>"; };
		C68636DD1E17072C00A9EE1E /* Info.plist */ = {isa = PBXFileReference; lastKnownFileType = text.plist.xml; path = Info.plist; sourceTree = "<group>"; };
		C68636E21E17072C00A9EE1E /* SnapshotLogicTestTests.xctest */ = {isa = PBXFileReference; explicitFileType = wrapper.cfbundle; includeInIndex = 0; path = SnapshotLogicTestTests.xctest; sourceTree = BUILT_PRODUCTS_DIR; };
		C68636E61E17072C00A9EE1E /* SnapshotLogicTestTests.m */ = {isa = PBXFileReference; lastKnownFileType = sourcecode.c.objc; path = SnapshotLogicTestTests.m; sourceTree = "<group>"; };
		C68636E81E17072C00A9EE1E /* Info.plist */ = {isa = PBXFileReference; lastKnownFileType = text.plist.xml; path = Info.plist; sourceTree = "<group>"; };
		F361EF8F6A47AA7341558F60 /* libPods-SnapshotLogicTestTests.a */ = {isa = PBXFileReference; explicitFileType = archive.ar; includeInIndex = 0; path = "libPods-SnapshotLogicTestTests.a"; sourceTree = BUILT_PRODUCTS_DIR; };
/* End PBXFileReference section */

/* Begin PBXFrameworksBuildPhase section */
		C68636C61E17072C00A9EE1E /* Frameworks */ = {
			isa = PBXFrameworksBuildPhase;
			buildActionMask = 2147483647;
			files = (
				CEA866AC629722C93D7A6DAF /* libPods-SnapshotLogicTest.a in Frameworks */,
			);
			runOnlyForDeploymentPostprocessing = 0;
		};
		C68636DF1E17072C00A9EE1E /* Frameworks */ = {
			isa = PBXFrameworksBuildPhase;
			buildActionMask = 2147483647;
			files = (
				63270A0D5F0DF303B225D827 /* libPods-SnapshotLogicTestTests.a in Frameworks */,
			);
			runOnlyForDeploymentPostprocessing = 0;
		};
/* End PBXFrameworksBuildPhase section */

/* Begin PBXGroup section */
		C68636C01E17072C00A9EE1E = {
			isa = PBXGroup;
			children = (
				C68636CB1E17072C00A9EE1E /* SnapshotLogicTest */,
				C68636E51E17072C00A9EE1E /* SnapshotLogicTestTests */,
				C68636CA1E17072C00A9EE1E /* Products */,
				E5AD27B3580B68DF11698E71 /* Pods */,
				F42C153F2E5F773385F1D01C /* Frameworks */,
			);
			sourceTree = "<group>";
		};
		C68636CA1E17072C00A9EE1E /* Products */ = {
			isa = PBXGroup;
			children = (
				C68636C91E17072C00A9EE1E /* SnapshotLogicTest.app */,
				C68636E21E17072C00A9EE1E /* SnapshotLogicTestTests.xctest */,
			);
			name = Products;
			sourceTree = "<group>";
		};
		C68636CB1E17072C00A9EE1E /* SnapshotLogicTest */ = {
			isa = PBXGroup;
			children = (
				C68636CF1E17072C00A9EE1E /* AppDelegate.h */,
				C68636D01E17072C00A9EE1E /* AppDelegate.m */,
				C68636D21E17072C00A9EE1E /* ViewController.h */,
				C68636D31E17072C00A9EE1E /* ViewController.m */,
				C68636D51E17072C00A9EE1E /* Main.storyboard */,
				C68636D81E17072C00A9EE1E /* Assets.xcassets */,
				C68636DA1E17072C00A9EE1E /* LaunchScreen.storyboard */,
				C68636DD1E17072C00A9EE1E /* Info.plist */,
				C68636CC1E17072C00A9EE1E /* Supporting Files */,
			);
			path = SnapshotLogicTest;
			sourceTree = "<group>";
		};
		C68636CC1E17072C00A9EE1E /* Supporting Files */ = {
			isa = PBXGroup;
			children = (
				C68636CD1E17072C00A9EE1E /* main.m */,
			);
			name = "Supporting Files";
			sourceTree = "<group>";
		};
		C68636E51E17072C00A9EE1E /* SnapshotLogicTestTests */ = {
			isa = PBXGroup;
			children = (
				C68636E61E17072C00A9EE1E /* SnapshotLogicTestTests.m */,
				C68636E81E17072C00A9EE1E /* Info.plist */,
			);
			path = SnapshotLogicTestTests;
			sourceTree = "<group>";
		};
		E5AD27B3580B68DF11698E71 /* Pods */ = {
			isa = PBXGroup;
			children = (
				4B6DFD73EE226FF10E7CCD9D /* Pods-SnapshotLogicTest.debug.xcconfig */,
				473B600EA2344FC2711F94E8 /* Pods-SnapshotLogicTest.release.xcconfig */,
				8DF1CCD970063A373187AFE1 /* Pods-SnapshotLogicTestTests.debug.xcconfig */,
				AAFE586A38DD80BD49EAFEF2 /* Pods-SnapshotLogicTestTests.release.xcconfig */,
			);
			name = Pods;
			sourceTree = "<group>";
		};
		F42C153F2E5F773385F1D01C /* Frameworks */ = {
			isa = PBXGroup;
			children = (
				9C441D60FC61E209C7E61204 /* libPods-SnapshotLogicTest.a */,
				F361EF8F6A47AA7341558F60 /* libPods-SnapshotLogicTestTests.a */,
			);
			name = Frameworks;
			sourceTree = "<group>";
		};
/* End PBXGroup section */

/* Begin PBXNativeTarget section */
		C68636C81E17072C00A9EE1E /* SnapshotLogicTest */ = {
			isa = PBXNativeTarget;
			buildConfigurationList = C68636EB1E17072C00A9EE1E /* Build configuration list for PBXNativeTarget "SnapshotLogicTest" */;
			buildPhases = (
				9E14206C02C42E4412B63856 /* [CP] Check Pods Manifest.lock */,
				C68636C51E17072C00A9EE1E /* Sources */,
				C68636C61E17072C00A9EE1E /* Frameworks */,
				C68636C71E17072C00A9EE1E /* Resources */,
				286E02422037BCD4B4A2A774 /* [CP] Embed Pods Frameworks */,
				A0648E3A1B350094DC00685B /* [CP] Copy Pods Resources */,
			);
			buildRules = (
			);
			dependencies = (
			);
			name = SnapshotLogicTest;
			productName = SnapshotLogicTest;
			productReference = C68636C91E17072C00A9EE1E /* SnapshotLogicTest.app */;
			productType = "com.apple.product-type.application";
		};
		C68636E11E17072C00A9EE1E /* SnapshotLogicTestTests */ = {
			isa = PBXNativeTarget;
			buildConfigurationList = C68636EE1E17072C00A9EE1E /* Build configuration list for PBXNativeTarget "SnapshotLogicTestTests" */;
			buildPhases = (
				0935228D859CA073D76D569A /* [CP] Check Pods Manifest.lock */,
				C68636DE1E17072C00A9EE1E /* Sources */,
				C68636DF1E17072C00A9EE1E /* Frameworks */,
				C68636E01E17072C00A9EE1E /* Resources */,
				0607AE9930DC46C001F180EA /* [CP] Embed Pods Frameworks */,
				0065C024D755D26CF922A499 /* [CP] Copy Pods Resources */,
			);
			buildRules = (
			);
			dependencies = (
			);
			name = SnapshotLogicTestTests;
			productName = SnapshotLogicTestTests;
			productReference = C68636E21E17072C00A9EE1E /* SnapshotLogicTestTests.xctest */;
			productType = "com.apple.product-type.bundle.unit-test";
		};
/* End PBXNativeTarget section */

/* Begin PBXProject section */
		C68636C11E17072C00A9EE1E /* Project object */ = {
			isa = PBXProject;
			attributes = {
				LastUpgradeCheck = 0820;
				ORGANIZATIONNAME = "Liron Yahdav";
				TargetAttributes = {
					C68636C81E17072C00A9EE1E = {
						CreatedOnToolsVersion = 8.2.1;
						ProvisioningStyle = Automatic;
					};
					C68636E11E17072C00A9EE1E = {
						CreatedOnToolsVersion = 8.2.1;
						ProvisioningStyle = Automatic;
					};
				};
			};
			buildConfigurationList = C68636C41E17072C00A9EE1E /* Build configuration list for PBXProject "SnapshotLogicTest" */;
			compatibilityVersion = "Xcode 3.2";
			developmentRegion = English;
			hasScannedForEncodings = 0;
			knownRegions = (
				en,
				Base,
			);
			mainGroup = C68636C01E17072C00A9EE1E;
			productRefGroup = C68636CA1E17072C00A9EE1E /* Products */;
			projectDirPath = "";
			projectRoot = "";
			targets = (
				C68636C81E17072C00A9EE1E /* SnapshotLogicTest */,
				C68636E11E17072C00A9EE1E /* SnapshotLogicTestTests */,
			);
		};
/* End PBXProject section */

/* Begin PBXResourcesBuildPhase section */
		C68636C71E17072C00A9EE1E /* Resources */ = {
			isa = PBXResourcesBuildPhase;
			buildActionMask = 2147483647;
			files = (
				C68636DC1E17072C00A9EE1E /* LaunchScreen.storyboard in Resources */,
				C68636D91E17072C00A9EE1E /* Assets.xcassets in Resources */,
				C68636D71E17072C00A9EE1E /* Main.storyboard in Resources */,
			);
			runOnlyForDeploymentPostprocessing = 0;
		};
		C68636E01E17072C00A9EE1E /* Resources */ = {
			isa = PBXResourcesBuildPhase;
			buildActionMask = 2147483647;
			files = (
			);
			runOnlyForDeploymentPostprocessing = 0;
		};
/* End PBXResourcesBuildPhase section */

/* Begin PBXShellScriptBuildPhase section */
		0065C024D755D26CF922A499 /* [CP] Copy Pods Resources */ = {
			isa = PBXShellScriptBuildPhase;
			buildActionMask = 2147483647;
			files = (
			);
			inputPaths = (
			);
			name = "[CP] Copy Pods Resources";
			outputPaths = (
			);
			runOnlyForDeploymentPostprocessing = 0;
			shellPath = /bin/sh;
			shellScript = "\"${SRCROOT}/Pods/Target Support Files/Pods-SnapshotLogicTestTests/Pods-SnapshotLogicTestTests-resources.sh\"\n";
			showEnvVarsInLog = 0;
		};
		0607AE9930DC46C001F180EA /* [CP] Embed Pods Frameworks */ = {
			isa = PBXShellScriptBuildPhase;
			buildActionMask = 2147483647;
			files = (
			);
			inputPaths = (
			);
			name = "[CP] Embed Pods Frameworks";
			outputPaths = (
			);
			runOnlyForDeploymentPostprocessing = 0;
			shellPath = /bin/sh;
			shellScript = "\"${SRCROOT}/Pods/Target Support Files/Pods-SnapshotLogicTestTests/Pods-SnapshotLogicTestTests-frameworks.sh\"\n";
			showEnvVarsInLog = 0;
		};
		0935228D859CA073D76D569A /* [CP] Check Pods Manifest.lock */ = {
			isa = PBXShellScriptBuildPhase;
			buildActionMask = 2147483647;
			files = (
			);
			inputPaths = (
			);
			name = "[CP] Check Pods Manifest.lock";
			outputPaths = (
			);
			runOnlyForDeploymentPostprocessing = 0;
			shellPath = /bin/sh;
			shellScript = "diff \"${PODS_ROOT}/../Podfile.lock\" \"${PODS_ROOT}/Manifest.lock\" > /dev/null\nif [ $? != 0 ] ; then\n    # print error to STDERR\n    echo \"error: The sandbox is not in sync with the Podfile.lock. Run 'pod install' or update your CocoaPods installation.\" >&2\n    exit 1\nfi\n";
			showEnvVarsInLog = 0;
		};
		286E02422037BCD4B4A2A774 /* [CP] Embed Pods Frameworks */ = {
			isa = PBXShellScriptBuildPhase;
			buildActionMask = 2147483647;
			files = (
			);
			inputPaths = (
			);
			name = "[CP] Embed Pods Frameworks";
			outputPaths = (
			);
			runOnlyForDeploymentPostprocessing = 0;
			shellPath = /bin/sh;
			shellScript = "\"${SRCROOT}/Pods/Target Support Files/Pods-SnapshotLogicTest/Pods-SnapshotLogicTest-frameworks.sh\"\n";
			showEnvVarsInLog = 0;
		};
		9E14206C02C42E4412B63856 /* [CP] Check Pods Manifest.lock */ = {
			isa = PBXShellScriptBuildPhase;
			buildActionMask = 2147483647;
			files = (
			);
			inputPaths = (
			);
			name = "[CP] Check Pods Manifest.lock";
			outputPaths = (
			);
			runOnlyForDeploymentPostprocessing = 0;
			shellPath = /bin/sh;
			shellScript = "diff \"${PODS_ROOT}/../Podfile.lock\" \"${PODS_ROOT}/Manifest.lock\" > /dev/null\nif [ $? != 0 ] ; then\n    # print error to STDERR\n    echo \"error: The sandbox is not in sync with the Podfile.lock. Run 'pod install' or update your CocoaPods installation.\" >&2\n    exit 1\nfi\n";
			showEnvVarsInLog = 0;
		};
		A0648E3A1B350094DC00685B /* [CP] Copy Pods Resources */ = {
			isa = PBXShellScriptBuildPhase;
			buildActionMask = 2147483647;
			files = (
			);
			inputPaths = (
			);
			name = "[CP] Copy Pods Resources";
			outputPaths = (
			);
			runOnlyForDeploymentPostprocessing = 0;
			shellPath = /bin/sh;
			shellScript = "\"${SRCROOT}/Pods/Target Support Files/Pods-SnapshotLogicTest/Pods-SnapshotLogicTest-resources.sh\"\n";
			showEnvVarsInLog = 0;
		};
/* End PBXShellScriptBuildPhase section */

/* Begin PBXSourcesBuildPhase section */
		C68636C51E17072C00A9EE1E /* Sources */ = {
			isa = PBXSourcesBuildPhase;
			buildActionMask = 2147483647;
			files = (
				C68636D41E17072C00A9EE1E /* ViewController.m in Sources */,
				C68636D11E17072C00A9EE1E /* AppDelegate.m in Sources */,
				C68636CE1E17072C00A9EE1E /* main.m in Sources */,
			);
			runOnlyForDeploymentPostprocessing = 0;
		};
		C68636DE1E17072C00A9EE1E /* Sources */ = {
			isa = PBXSourcesBuildPhase;
			buildActionMask = 2147483647;
			files = (
				C68636E71E17072C00A9EE1E /* SnapshotLogicTestTests.m in Sources */,
			);
			runOnlyForDeploymentPostprocessing = 0;
		};
/* End PBXSourcesBuildPhase section */

/* Begin PBXVariantGroup section */
		C68636D51E17072C00A9EE1E /* Main.storyboard */ = {
			isa = PBXVariantGroup;
			children = (
				C68636D61E17072C00A9EE1E /* Base */,
			);
			name = Main.storyboard;
			sourceTree = "<group>";
		};
		C68636DA1E17072C00A9EE1E /* LaunchScreen.storyboard */ = {
			isa = PBXVariantGroup;
			children = (
				C68636DB1E17072C00A9EE1E /* Base */,
			);
			name = LaunchScreen.storyboard;
			sourceTree = "<group>";
		};
/* End PBXVariantGroup section */

/* Begin XCBuildConfiguration section */
		C68636E91E17072C00A9EE1E /* Debug */ = {
			isa = XCBuildConfiguration;
			buildSettings = {
				ALWAYS_SEARCH_USER_PATHS = NO;
				CLANG_ANALYZER_NONNULL = YES;
				CLANG_CXX_LANGUAGE_STANDARD = "gnu++0x";
				CLANG_CXX_LIBRARY = "libc++";
				CLANG_ENABLE_MODULES = YES;
				CLANG_ENABLE_OBJC_ARC = YES;
				CLANG_WARN_BOOL_CONVERSION = YES;
				CLANG_WARN_CONSTANT_CONVERSION = YES;
				CLANG_WARN_DIRECT_OBJC_ISA_USAGE = YES_ERROR;
				CLANG_WARN_DOCUMENTATION_COMMENTS = YES;
				CLANG_WARN_EMPTY_BODY = YES;
				CLANG_WARN_ENUM_CONVERSION = YES;
				CLANG_WARN_INFINITE_RECURSION = YES;
				CLANG_WARN_INT_CONVERSION = YES;
				CLANG_WARN_OBJC_ROOT_CLASS = YES_ERROR;
				CLANG_WARN_SUSPICIOUS_MOVE = YES;
				CLANG_WARN_UNREACHABLE_CODE = YES;
				CLANG_WARN__DUPLICATE_METHOD_MATCH = YES;
				"CODE_SIGN_IDENTITY[sdk=iphoneos*]" = "iPhone Developer";
				COPY_PHASE_STRIP = NO;
				DEBUG_INFORMATION_FORMAT = dwarf;
				ENABLE_STRICT_OBJC_MSGSEND = YES;
				ENABLE_TESTABILITY = YES;
				GCC_C_LANGUAGE_STANDARD = gnu99;
				GCC_DYNAMIC_NO_PIC = NO;
				GCC_NO_COMMON_BLOCKS = YES;
				GCC_OPTIMIZATION_LEVEL = 0;
				GCC_PREPROCESSOR_DEFINITIONS = (
					"DEBUG=1",
					"$(inherited)",
				);
				GCC_WARN_64_TO_32_BIT_CONVERSION = YES;
				GCC_WARN_ABOUT_RETURN_TYPE = YES_ERROR;
				GCC_WARN_UNDECLARED_SELECTOR = YES;
				GCC_WARN_UNINITIALIZED_AUTOS = YES_AGGRESSIVE;
				GCC_WARN_UNUSED_FUNCTION = YES;
				GCC_WARN_UNUSED_VARIABLE = YES;
				IPHONEOS_DEPLOYMENT_TARGET = 10.2;
				MTL_ENABLE_DEBUG_INFO = YES;
				ONLY_ACTIVE_ARCH = YES;
				SDKROOT = iphoneos;
				TARGETED_DEVICE_FAMILY = "1,2";
			};
			name = Debug;
		};
		C68636EA1E17072C00A9EE1E /* Release */ = {
			isa = XCBuildConfiguration;
			buildSettings = {
				ALWAYS_SEARCH_USER_PATHS = NO;
				CLANG_ANALYZER_NONNULL = YES;
				CLANG_CXX_LANGUAGE_STANDARD = "gnu++0x";
				CLANG_CXX_LIBRARY = "libc++";
				CLANG_ENABLE_MODULES = YES;
				CLANG_ENABLE_OBJC_ARC = YES;
				CLANG_WARN_BOOL_CONVERSION = YES;
				CLANG_WARN_CONSTANT_CONVERSION = YES;
				CLANG_WARN_DIRECT_OBJC_ISA_USAGE = YES_ERROR;
				CLANG_WARN_DOCUMENTATION_COMMENTS = YES;
				CLANG_WARN_EMPTY_BODY = YES;
				CLANG_WARN_ENUM_CONVERSION = YES;
				CLANG_WARN_INFINITE_RECURSION = YES;
				CLANG_WARN_INT_CONVERSION = YES;
				CLANG_WARN_OBJC_ROOT_CLASS = YES_ERROR;
				CLANG_WARN_SUSPICIOUS_MOVE = YES;
				CLANG_WARN_UNREACHABLE_CODE = YES;
				CLANG_WARN__DUPLICATE_METHOD_MATCH = YES;
				"CODE_SIGN_IDENTITY[sdk=iphoneos*]" = "iPhone Developer";
				COPY_PHASE_STRIP = NO;
				DEBUG_INFORMATION_FORMAT = "dwarf-with-dsym";
				ENABLE_NS_ASSERTIONS = NO;
				ENABLE_STRICT_OBJC_MSGSEND = YES;
				GCC_C_LANGUAGE_STANDARD = gnu99;
				GCC_NO_COMMON_BLOCKS = YES;
				GCC_WARN_64_TO_32_BIT_CONVERSION = YES;
				GCC_WARN_ABOUT_RETURN_TYPE = YES_ERROR;
				GCC_WARN_UNDECLARED_SELECTOR = YES;
				GCC_WARN_UNINITIALIZED_AUTOS = YES_AGGRESSIVE;
				GCC_WARN_UNUSED_FUNCTION = YES;
				GCC_WARN_UNUSED_VARIABLE = YES;
				IPHONEOS_DEPLOYMENT_TARGET = 10.2;
				MTL_ENABLE_DEBUG_INFO = NO;
				SDKROOT = iphoneos;
				TARGETED_DEVICE_FAMILY = "1,2";
				VALIDATE_PRODUCT = YES;
			};
			name = Release;
		};
		C68636EC1E17072C00A9EE1E /* Debug */ = {
			isa = XCBuildConfiguration;
			baseConfigurationReference = 4B6DFD73EE226FF10E7CCD9D /* Pods-SnapshotLogicTest.debug.xcconfig */;
			buildSettings = {
				ASSETCATALOG_COMPILER_APPICON_NAME = AppIcon;
				INFOPLIST_FILE = SnapshotLogicTest/Info.plist;
				LD_RUNPATH_SEARCH_PATHS = "$(inherited) @executable_path/Frameworks";
				PRODUCT_BUNDLE_IDENTIFIER = com.yahdav.SnapshotLogicTest;
				PRODUCT_NAME = "$(TARGET_NAME)";
			};
			name = Debug;
		};
		C68636ED1E17072C00A9EE1E /* Release */ = {
			isa = XCBuildConfiguration;
			baseConfigurationReference = 473B600EA2344FC2711F94E8 /* Pods-SnapshotLogicTest.release.xcconfig */;
			buildSettings = {
				ASSETCATALOG_COMPILER_APPICON_NAME = AppIcon;
				INFOPLIST_FILE = SnapshotLogicTest/Info.plist;
				LD_RUNPATH_SEARCH_PATHS = "$(inherited) @executable_path/Frameworks";
				PRODUCT_BUNDLE_IDENTIFIER = com.yahdav.SnapshotLogicTest;
				PRODUCT_NAME = "$(TARGET_NAME)";
			};
			name = Release;
		};
		C68636EF1E17072C00A9EE1E /* Debug */ = {
			isa = XCBuildConfiguration;
			baseConfigurationReference = 8DF1CCD970063A373187AFE1 /* Pods-SnapshotLogicTestTests.debug.xcconfig */;
			buildSettings = {
				INFOPLIST_FILE = SnapshotLogicTestTests/Info.plist;
				LD_RUNPATH_SEARCH_PATHS = "$(inherited) @executable_path/Frameworks @loader_path/Frameworks";
				PRODUCT_BUNDLE_IDENTIFIER = com.yahdav.SnapshotLogicTestTests;
				PRODUCT_NAME = "$(TARGET_NAME)";
			};
			name = Debug;
		};
		C68636F01E17072C00A9EE1E /* Release */ = {
			isa = XCBuildConfiguration;
			baseConfigurationReference = AAFE586A38DD80BD49EAFEF2 /* Pods-SnapshotLogicTestTests.release.xcconfig */;
			buildSettings = {
				INFOPLIST_FILE = SnapshotLogicTestTests/Info.plist;
				LD_RUNPATH_SEARCH_PATHS = "$(inherited) @executable_path/Frameworks @loader_path/Frameworks";
				PRODUCT_BUNDLE_IDENTIFIER = com.yahdav.SnapshotLogicTestTests;
				PRODUCT_NAME = "$(TARGET_NAME)";
			};
			name = Release;
		};
/* End XCBuildConfiguration section */

/* Begin XCConfigurationList section */
		C68636C41E17072C00A9EE1E /* Build configuration list for PBXProject "SnapshotLogicTest" */ = {
			isa = XCConfigurationList;
			buildConfigurations = (
				C68636E91E17072C00A9EE1E /* Debug */,
				C68636EA1E17072C00A9EE1E /* Release */,
			);
			defaultConfigurationIsVisible = 0;
			defaultConfigurationName = Release;
		};
		C68636EB1E17072C00A9EE1E /* Build configuration list for PBXNativeTarget "SnapshotLogicTest" */ = {
			isa = XCConfigurationList;
			buildConfigurations = (
				C68636EC1E17072C00A9EE1E /* Debug */,
				C68636ED1E17072C00A9EE1E /* Release */,
			);
			defaultConfigurationIsVisible = 0;
			defaultConfigurationName = Release;
		};
		C68636EE1E17072C00A9EE1E /* Build configuration list for PBXNativeTarget "SnapshotLogicTestTests" */ = {
			isa = XCConfigurationList;
			buildConfigurations = (
				C68636EF1E17072C00A9EE1E /* Debug */,
				C68636F01E17072C00A9EE1E /* Release */,
			);
			defaultConfigurationIsVisible = 0;
			defaultConfigurationName = Release;
		};
/* End XCConfigurationList section */
	};
	rootObject = C68636C11E17072C00A9EE1E /* Project object */;
}
